
Microsoft Visual Studio Solution File, Format Version 12.00
# Visual Studio 15
VisualStudioVersion = 15.0.28010.2046
MinimumVisualStudioVersion = 10.0.40219.1
Project("{FAE04EC0-301F-11D3-BF4B-00C04F79EFBC}") = "UseATemplate", "UseATemplate\UseATemplate.csproj", "{98FBF460-CC62-4601-B4B5-D8C29112D44C}"
EndProject
Global
	GlobalSection(SolutionConfigurationPlatforms) = preSolution
		Debug|Any CPU = Debug|Any CPU
		Release|Any CPU = Release|Any CPU
	EndGlobalSection
	GlobalSection(ProjectConfigurationPlatforms) = postSolution
		{98FBF460-CC62-4601-B4B5-D8C29112D44C}.Debug|Any CPU.ActiveCfg = Debug|Any CPU
		{98FBF460-CC62-4601-B4B5-D8C29112D44C}.Debug|Any CPU.Build.0 = Debug|Any CPU
		{98FBF460-CC62-4601-B4B5-D8C29112D44C}.Release|Any CPU.ActiveCfg = Release|Any CPU
		{98FBF460-CC62-4601-B4B5-D8C29112D44C}.Release|Any CPU.Build.0 = Release|Any CPU
	EndGlobalSection
	GlobalSection(SolutionProperties) = preSolution
		HideSolutionNode = FALSE
	EndGlobalSection
	GlobalSection(ExtensibilityGlobals) = postSolution
		SolutionGuid = {EECBB6E0-23A7-45EB-BE4D-98824B6C28CA}
	EndGlobalSection
EndGlobal
