
Microsoft Visual Studio Solution File, Format Version 12.00
# Visual Studio 15
VisualStudioVersion = 15.0.28010.2046
MinimumVisualStudioVersion = 10.0.40219.1
Project("{FAE04EC0-301F-11D3-BF4B-00C04F79EFBC}") = "DelayBindingSample", "DelayBindingSample\DelayBindingSample.csproj", "{F704DD55-C2F4-4D2B-A7F8-5C0D5FCBD30C}"
EndProject
Global
	GlobalSection(SolutionConfigurationPlatforms) = preSolution
		Debug|Any CPU = Debug|Any CPU
		Release|Any CPU = Release|Any CPU
	EndGlobalSection
	GlobalSection(ProjectConfigurationPlatforms) = postSolution
		{F704DD55-C2F4-4D2B-A7F8-5C0D5FCBD30C}.Debug|Any CPU.ActiveCfg = Debug|Any CPU
		{F704DD55-C2F4-4D2B-A7F8-5C0D5FCBD30C}.Debug|Any CPU.Build.0 = Debug|Any CPU
		{F704DD55-C2F4-4D2B-A7F8-5C0D5FCBD30C}.Release|Any CPU.ActiveCfg = Release|Any CPU
		{F704DD55-C2F4-4D2B-A7F8-5C0D5FCBD30C}.Release|Any CPU.Build.0 = Release|Any CPU
	EndGlobalSection
	GlobalSection(SolutionProperties) = preSolution
		HideSolutionNode = FALSE
	EndGlobalSection
	GlobalSection(ExtensibilityGlobals) = postSolution
		SolutionGuid = {C8C9D200-0D48-46A1-9D44-6394DB235672}
	EndGlobalSection
EndGlobal
