
Microsoft Visual Studio Solution File, Format Version 12.00
# Visual Studio 15
VisualStudioVersion = 15.0.28010.2046
MinimumVisualStudioVersion = 10.0.40219.1
Project("{FAE04EC0-301F-11D3-BF4B-00C04F79EFBC}") = "MyLibrary", "MyLibrary\MyLibrary.csproj", "{95C4036B-97D1-4BD8-B3E8-AE2636D92E68}"
EndProject
Global
	GlobalSection(SolutionConfigurationPlatforms) = preSolution
		Debug|Any CPU = Debug|Any CPU
		Release|Any CPU = Release|Any CPU
	EndGlobalSection
	GlobalSection(ProjectConfigurationPlatforms) = postSolution
		{95C4036B-97D1-4BD8-B3E8-AE2636D92E68}.Debug|Any CPU.ActiveCfg = Debug|Any CPU
		{95C4036B-97D1-4BD8-B3E8-AE2636D92E68}.Debug|Any CPU.Build.0 = Debug|Any CPU
		{95C4036B-97D1-4BD8-B3E8-AE2636D92E68}.Release|Any CPU.ActiveCfg = Release|Any CPU
		{95C4036B-97D1-4BD8-B3E8-AE2636D92E68}.Release|Any CPU.Build.0 = Release|Any CPU
	EndGlobalSection
	GlobalSection(SolutionProperties) = preSolution
		HideSolutionNode = FALSE
	EndGlobalSection
	GlobalSection(ExtensibilityGlobals) = postSolution
		SolutionGuid = {76A3871C-8295-494E-BD12-96BFD567588A}
	EndGlobalSection
EndGlobal
